deedles.dev/xiter v0.2.1 h1:yyyfo1sDwARp5lyMvILBJpEI28sIFN0TNYagAdBUa+s=
deedles.dev/xiter v0.2.1/go.mod h1:59997UHUsKAy/8bHUClTfeXdyuLZ6z/+yF++vIpxfx8=
github.com/chewxy/math32 v1.11.1 h1:b7PGHlp8KjylDoU8RrcEsRuGZhJuz8haxnKfuMMRqy8=
github.com/chewxy/math32 v1.11.1/go.mod h1:dOB2rcuFrCn6UHrze36WSLVPKtzPMRAQvBvUwkSsLqs=
github.com/igadmg/raylib-go v0.0.0-20240518160852-5314a4a2099a h1:fdMwuZ5f5H83Z4uNxHDYKTRycp2WtqITIQqdSfLtaFg=
github.com/igadmg/raylib-go v0.0.0-20240518160852-5314a4a2099a/go.mod h1:0H27TXRydxevDnr7DvLSTttx+M30JfhGDmHUlabI7ok=
golang.org/x/exp v0.0.0-20250305212735-054e65f0b394 h1:nDVHiLt8aIbd/VzvPWN6kSOPE7+F/fNFDSXLVYkE/Iw=
golang.org/x/exp v0.0.0-20250305212735-054e65f0b394/go.mod h1:sIifuuw/Yco/y6yb6+bDNfyeQ/MdPUy/hKEMYQV17cM=
gopkg.in/check.v1 v0.0.0-20161208181325-20d25e280405/go.mod h1:Co6ibVJAznAaIkqp8huTwlJQCZ016jof/cbN4VW5Yz0=
gopkg.in/yaml.v3 v3.0.1 h1:fxVm/GzAzEWqLHuvctI91KS9hhNmmWOoWu0XTYJS7CA=
gopkg.in/yaml.v3 v3.0.1/go.mod h1:K4uyk7z7BCEPqu6E+C64Yfv1cQ7kz7rIZviUmN+EgEM=
